
Microsoft Visual Studio Solution File, Format Version 12.00
# Visual Studio Version 16
VisualStudioVersion = 16.0.29503.13
MinimumVisualStudioVersion = 10.0.40219.1
Project("{FAE04EC0-301F-11D3-BF4B-00C04F79EFBC}") = "BasicWebApi", "BasicWebApi\BasicWebApi.csproj", "{64826684-DE44-43B2-A01F-CE291606B72A}"
EndProject
Project("{FAE04EC0-301F-11D3-BF4B-00C04F79EFBC}") = "DbAccess", "DbAccess\DbAccess.csproj", "{C64A7ECD-3CF7-4BD7-A762-6CB31D0A92D6}"
EndProject
Project("{FAE04EC0-301F-11D3-BF4B-00C04F79EFBC}") = "UnitTests", "UnitTests\UnitTests.csproj", "{E09FA2BC-4020-48BC-9EBA-86A420D9C3F8}"
EndProject
Project("{FAE04EC0-301F-11D3-BF4B-00C04F79EFBC}") = "Common", "Common\Common.csproj", "{3D0B4A2E-0B60-4C7D-B440-9B417959B591}"
EndProject
Global
	GlobalSection(SolutionConfigurationPlatforms) = preSolution
		Debug|Any CPU = Debug|Any CPU
		Release|Any CPU = Release|Any CPU
	EndGlobalSection
	GlobalSection(ProjectConfigurationPlatforms) = postSolution
		{64826684-DE44-43B2-A01F-CE291606B72A}.Debug|Any CPU.ActiveCfg = Debug|Any CPU
		{64826684-DE44-43B2-A01F-CE291606B72A}.Debug|Any CPU.Build.0 = Debug|Any CPU
		{64826684-DE44-43B2-A01F-CE291606B72A}.Release|Any CPU.ActiveCfg = Release|Any CPU
		{64826684-DE44-43B2-A01F-CE291606B72A}.Release|Any CPU.Build.0 = Release|Any CPU
		{C64A7ECD-3CF7-4BD7-A762-6CB31D0A92D6}.Debug|Any CPU.ActiveCfg = Debug|Any CPU
		{C64A7ECD-3CF7-4BD7-A762-6CB31D0A92D6}.Debug|Any CPU.Build.0 = Debug|Any CPU
		{C64A7ECD-3CF7-4BD7-A762-6CB31D0A92D6}.Release|Any CPU.ActiveCfg = Release|Any CPU
		{C64A7ECD-3CF7-4BD7-A762-6CB31D0A92D6}.Release|Any CPU.Build.0 = Release|Any CPU
		{E09FA2BC-4020-48BC-9EBA-86A420D9C3F8}.Debug|Any CPU.ActiveCfg = Debug|Any CPU
		{E09FA2BC-4020-48BC-9EBA-86A420D9C3F8}.Debug|Any CPU.Build.0 = Debug|Any CPU
		{E09FA2BC-4020-48BC-9EBA-86A420D9C3F8}.Release|Any CPU.ActiveCfg = Release|Any CPU
		{E09FA2BC-4020-48BC-9EBA-86A420D9C3F8}.Release|Any CPU.Build.0 = Release|Any CPU
		{3D0B4A2E-0B60-4C7D-B440-9B417959B591}.Debug|Any CPU.ActiveCfg = Debug|Any CPU
		{3D0B4A2E-0B60-4C7D-B440-9B417959B591}.Debug|Any CPU.Build.0 = Debug|Any CPU
		{3D0B4A2E-0B60-4C7D-B440-9B417959B591}.Release|Any CPU.ActiveCfg = Release|Any CPU
		{3D0B4A2E-0B60-4C7D-B440-9B417959B591}.Release|Any CPU.Build.0 = Release|Any CPU
	EndGlobalSection
	GlobalSection(SolutionProperties) = preSolution
		HideSolutionNode = FALSE
	EndGlobalSection
	GlobalSection(ExtensibilityGlobals) = postSolution
		SolutionGuid = {20134DAA-7C05-4083-9C3C-BD1CE5C598F8}
	EndGlobalSection
EndGlobal
